
Microsoft Visual Studio Solution File, Format Version 12.00
# Visual Studio Version 17
VisualStudioVersion = 17.6.33815.320
MinimumVisualStudioVersion = 10.0.40219.1
Project("{FAE04EC0-301F-11D3-BF4B-00C04F79EFBC}") = "Pharmacy management", "Pharmacy management.csproj", "{2709BAD9-B623-4FE1-AEA0-ABBEAD46A588}"
EndProject
Global
	GlobalSection(SolutionConfigurationPlatforms) = preSolution
		Debug|Any CPU = Debug|Any CPU
		Release|Any CPU = Release|Any CPU
	EndGlobalSection
	GlobalSection(ProjectConfigurationPlatforms) = postSolution
		{2709BAD9-B623-4FE1-AEA0-ABBEAD46A588}.Debug|Any CPU.ActiveCfg = Debug|Any CPU
		{2709BAD9-B623-4FE1-AEA0-ABBEAD46A588}.Debug|Any CPU.Build.0 = Debug|Any CPU
		{2709BAD9-B623-4FE1-AEA0-ABBEAD46A588}.Release|Any CPU.ActiveCfg = Release|Any CPU
		{2709BAD9-B623-4FE1-AEA0-ABBEAD46A588}.Release|Any CPU.Build.0 = Release|Any CPU
	EndGlobalSection
	GlobalSection(SolutionProperties) = preSolution
		HideSolutionNode = FALSE
	EndGlobalSection
	GlobalSection(ExtensibilityGlobals) = postSolution
		SolutionGuid = {E90D667E-3893-4214-8737-848E9298B3CF}
	EndGlobalSection
EndGlobal
